
Microsoft Visual Studio Solution File, Format Version 12.00
# Visual Studio 2012
Project("{FAE04EC0-301F-11D3-BF4B-00C04F79EFBC}") = "FinneyNote", "FinneyNote\FinneyNote.csproj", "{C9C7A836-0BE4-4939-84AA-6E7CCA010FE4}"
EndProject
Project("{FAE04EC0-301F-11D3-BF4B-00C04F79EFBC}") = "FinneyNote.iOS", "iOS\FinneyNote.iOS.csproj", "{71342BD9-2AB0-49CA-AEA3-02362652E50A}"
EndProject
Project("{FAE04EC0-301F-11D3-BF4B-00C04F79EFBC}") = "FinneyNote.Droid", "Droid\FinneyNote.Droid.csproj", "{9069E876-9C7D-4B66-B000-116B64311153}"
EndProject
Global
	GlobalSection(SolutionConfigurationPlatforms) = preSolution
		Debug|Any CPU = Debug|Any CPU
		Release|Any CPU = Release|Any CPU
		Debug|iPhoneSimulator = Debug|iPhoneSimulator
		Release|iPhone = Release|iPhone
		Release|iPhoneSimulator = Release|iPhoneSimulator
		Debug|iPhone = Debug|iPhone
	EndGlobalSection
	GlobalSection(ProjectConfigurationPlatforms) = postSolution
		{71342BD9-2AB0-49CA-AEA3-02362652E50A}.Debug|Any CPU.ActiveCfg = Debug|iPhoneSimulator
		{71342BD9-2AB0-49CA-AEA3-02362652E50A}.Debug|Any CPU.Build.0 = Debug|iPhoneSimulator
		{71342BD9-2AB0-49CA-AEA3-02362652E50A}.Debug|iPhone.ActiveCfg = Debug|iPhone
		{71342BD9-2AB0-49CA-AEA3-02362652E50A}.Debug|iPhone.Build.0 = Debug|iPhone
		{71342BD9-2AB0-49CA-AEA3-02362652E50A}.Debug|iPhoneSimulator.ActiveCfg = Debug|iPhoneSimulator
		{71342BD9-2AB0-49CA-AEA3-02362652E50A}.Debug|iPhoneSimulator.Build.0 = Debug|iPhoneSimulator
		{71342BD9-2AB0-49CA-AEA3-02362652E50A}.Release|Any CPU.ActiveCfg = Release|iPhone
		{71342BD9-2AB0-49CA-AEA3-02362652E50A}.Release|Any CPU.Build.0 = Release|iPhone
		{71342BD9-2AB0-49CA-AEA3-02362652E50A}.Release|iPhone.ActiveCfg = Release|iPhone
		{71342BD9-2AB0-49CA-AEA3-02362652E50A}.Release|iPhone.Build.0 = Release|iPhone
		{71342BD9-2AB0-49CA-AEA3-02362652E50A}.Release|iPhoneSimulator.ActiveCfg = Release|iPhoneSimulator
		{71342BD9-2AB0-49CA-AEA3-02362652E50A}.Release|iPhoneSimulator.Build.0 = Release|iPhoneSimulator
		{9069E876-9C7D-4B66-B000-116B64311153}.Debug|Any CPU.ActiveCfg = Debug|Any CPU
		{9069E876-9C7D-4B66-B000-116B64311153}.Debug|Any CPU.Build.0 = Debug|Any CPU
		{9069E876-9C7D-4B66-B000-116B64311153}.Debug|iPhone.ActiveCfg = Debug|Any CPU
		{9069E876-9C7D-4B66-B000-116B64311153}.Debug|iPhone.Build.0 = Debug|Any CPU
		{9069E876-9C7D-4B66-B000-116B64311153}.Debug|iPhoneSimulator.ActiveCfg = Debug|Any CPU
		{9069E876-9C7D-4B66-B000-116B64311153}.Debug|iPhoneSimulator.Build.0 = Debug|Any CPU
		{9069E876-9C7D-4B66-B000-116B64311153}.Release|Any CPU.ActiveCfg = Release|Any CPU
		{9069E876-9C7D-4B66-B000-116B64311153}.Release|Any CPU.Build.0 = Release|Any CPU
		{9069E876-9C7D-4B66-B000-116B64311153}.Release|iPhone.ActiveCfg = Release|Any CPU
		{9069E876-9C7D-4B66-B000-116B64311153}.Release|iPhone.Build.0 = Release|Any CPU
		{9069E876-9C7D-4B66-B000-116B64311153}.Release|iPhoneSimulator.ActiveCfg = Release|Any CPU
		{9069E876-9C7D-4B66-B000-116B64311153}.Release|iPhoneSimulator.Build.0 = Release|Any CPU
		{C9C7A836-0BE4-4939-84AA-6E7CCA010FE4}.Debug|Any CPU.ActiveCfg = Debug|Any CPU
		{C9C7A836-0BE4-4939-84AA-6E7CCA010FE4}.Debug|Any CPU.Build.0 = Debug|Any CPU
		{C9C7A836-0BE4-4939-84AA-6E7CCA010FE4}.Debug|iPhone.ActiveCfg = Debug|Any CPU
		{C9C7A836-0BE4-4939-84AA-6E7CCA010FE4}.Debug|iPhone.Build.0 = Debug|Any CPU
		{C9C7A836-0BE4-4939-84AA-6E7CCA010FE4}.Debug|iPhoneSimulator.ActiveCfg = Debug|Any CPU
		{C9C7A836-0BE4-4939-84AA-6E7CCA010FE4}.Debug|iPhoneSimulator.Build.0 = Debug|Any CPU
		{C9C7A836-0BE4-4939-84AA-6E7CCA010FE4}.Release|Any CPU.ActiveCfg = Release|Any CPU
		{C9C7A836-0BE4-4939-84AA-6E7CCA010FE4}.Release|Any CPU.Build.0 = Release|Any CPU
		{C9C7A836-0BE4-4939-84AA-6E7CCA010FE4}.Release|iPhone.ActiveCfg = Release|Any CPU
		{C9C7A836-0BE4-4939-84AA-6E7CCA010FE4}.Release|iPhone.Build.0 = Release|Any CPU
		{C9C7A836-0BE4-4939-84AA-6E7CCA010FE4}.Release|iPhoneSimulator.ActiveCfg = Release|Any CPU
		{C9C7A836-0BE4-4939-84AA-6E7CCA010FE4}.Release|iPhoneSimulator.Build.0 = Release|Any CPU
	EndGlobalSection
EndGlobal
